// !$*UTF8*$!
{
	archiveVersion = 1;
	classes = {
	};
	objectVersion = 51;
	objects = {

/* Begin PBXBuildFile section */
		273EDB6373FD8CD477967F8D /* Pods_Ponte_Pedo_Ponte_PedoUITests.framework in Frameworks */ = {isa = PBXBuildFile; fileRef = CD03405A576CAEBF791CA942 /* Pods_Ponte_Pedo_Ponte_PedoUITests.framework */; };
		2A79F33FD701764C6FFF71CD /* Pods_Ponte_Pedo.framework in Frameworks */ = {isa = PBXBuildFile; fileRef = 328A3E6B5016EF7BAD27D163 /* Pods_Ponte_Pedo.framework */; };
		4967442A04C434BA5193E6E2 /* Pods_Ponte_PedoTests.framework in Frameworks */ = {isa = PBXBuildFile; fileRef = 01138B74E96F772083B47CFF /* Pods_Ponte_PedoTests.framework */; };
		FA32328A259AD49A00F79A0E /* ListController.swift in Sources */ = {isa = PBXBuildFile; fileRef = FA323289259AD49A00F79A0E /* ListController.swift */; };
		FA964E27259D01E500801ED5 /* RulesViewController.swift in Sources */ = {isa = PBXBuildFile; fileRef = FA964E26259D01E500801ED5 /* RulesViewController.swift */; };
		FADE444B2591B466006769D9 /* AppDelegate.swift in Sources */ = {isa = PBXBuildFile; fileRef = FADE444A2591B466006769D9 /* AppDelegate.swift */; };
		FADE444D2591B466006769D9 /* SceneDelegate.swift in Sources */ = {isa = PBXBuildFile; fileRef = FADE444C2591B466006769D9 /* SceneDelegate.swift */; };
		FADE444F2591B466006769D9 /* ViewController.swift in Sources */ = {isa = PBXBuildFile; fileRef = FADE444E2591B466006769D9 /* ViewController.swift */; };
		FADE44522591B466006769D9 /* Main.storyboard in Resources */ = {isa = PBXBuildFile; fileRef = FADE44502591B466006769D9 /* Main.storyboard */; };
		FADE44542591B467006769D9 /* Assets.xcassets in Resources */ = {isa = PBXBuildFile; fileRef = FADE44532591B467006769D9 /* Assets.xcassets */; };
		FADE44572591B467006769D9 /* LaunchScreen.storyboard in Resources */ = {isa = PBXBuildFile; fileRef = FADE44552591B467006769D9 /* LaunchScreen.storyboard */; };
		FADE44622591B467006769D9 /* Ponte_PedoTests.swift in Sources */ = {isa = PBXBuildFile; fileRef = FADE44612591B467006769D9 /* Ponte_PedoTests.swift */; };
		FADE446D2591B467006769D9 /* Ponte_PedoUITests.swift in Sources */ = {isa = PBXBuildFile; fileRef = FADE446C2591B467006769D9 /* Ponte_PedoUITests.swift */; };
/* End PBXBuildFile section */

/* Begin PBXContainerItemProxy section */
		FADE445E2591B467006769D9 /* PBXContainerItemProxy */ = {
			isa = PBXContainerItemProxy;
			containerPortal = FADE443F2591B466006769D9 /* Project object */;
			proxyType = 1;
			remoteGlobalIDString = FADE44462591B466006769D9;
			remoteInfo = "Ponte Pedo";
		};
		FADE44692591B467006769D9 /* PBXContainerItemProxy */ = {
			isa = PBXContainerItemProxy;
			containerPortal = FADE443F2591B466006769D9 /* Project object */;
			proxyType = 1;
			remoteGlobalIDString = FADE44462591B466006769D9;
			remoteInfo = "Ponte Pedo";
		};
/* End PBXContainerItemProxy section */

/* Begin PBXFileReference section */
		01138B74E96F772083B47CFF /* Pods_Ponte_PedoTests.framework */ = {isa = PBXFileReference; explicitFileType = wrapper.framework; includeInIndex = 0; path = Pods_Ponte_PedoTests.framework; sourceTree = BUILT_PRODUCTS_DIR; };
		110AFC0E9787761738B9E33E /* Pods-Ponte PedoTests.debug.xcconfig */ = {isa = PBXFileReference; includeInIndex = 1; lastKnownFileType = text.xcconfig; name = "Pods-Ponte PedoTests.debug.xcconfig"; path = "Target Support Files/Pods-Ponte PedoTests/Pods-Ponte PedoTests.debug.xcconfig"; sourceTree = "<group>"; };
		2F693D20A84C8E3703808D36 /* Pods-Ponte PedoTests.release.xcconfig */ = {isa = PBXFileReference; includeInIndex = 1; lastKnownFileType = text.xcconfig; name = "Pods-Ponte PedoTests.release.xcconfig"; path = "Target Support Files/Pods-Ponte PedoTests/Pods-Ponte PedoTests.release.xcconfig"; sourceTree = "<group>"; };
		328A3E6B5016EF7BAD27D163 /* Pods_Ponte_Pedo.framework */ = {isa = PBXFileReference; explicitFileType = wrapper.framework; includeInIndex = 0; path = Pods_Ponte_Pedo.framework; sourceTree = BUILT_PRODUCTS_DIR; };
		47EF80F7E2491F602177023E /* Pods-Ponte Pedo-Ponte PedoUITests.release.xcconfig */ = {isa = PBXFileReference; includeInIndex = 1; lastKnownFileType = text.xcconfig; name = "Pods-Ponte Pedo-Ponte PedoUITests.release.xcconfig"; path = "Target Support Files/Pods-Ponte Pedo-Ponte PedoUITests/Pods-Ponte Pedo-Ponte PedoUITests.release.xcconfig"; sourceTree = "<group>"; };
		6BBBEA3199BEAFED79984A0F /* Pods-Ponte Pedo.release.xcconfig */ = {isa = PBXFileReference; includeInIndex = 1; lastKnownFileType = text.xcconfig; name = "Pods-Ponte Pedo.release.xcconfig"; path = "Target Support Files/Pods-Ponte Pedo/Pods-Ponte Pedo.release.xcconfig"; sourceTree = "<group>"; };
		7046B0826C8E2FCE0F0B0577 /* Pods-Ponte Pedo-Ponte PedoUITests.debug.xcconfig */ = {isa = PBXFileReference; includeInIndex = 1; lastKnownFileType = text.xcconfig; name = "Pods-Ponte Pedo-Ponte PedoUITests.debug.xcconfig"; path = "Target Support Files/Pods-Ponte Pedo-Ponte PedoUITests/Pods-Ponte Pedo-Ponte PedoUITests.debug.xcconfig"; sourceTree = "<group>"; };
		B30055149D5C94BDB41DF3DD /* Pods-Ponte Pedo.debug.xcconfig */ = {isa = PBXFileReference; includeInIndex = 1; lastKnownFileType = text.xcconfig; name = "Pods-Ponte Pedo.debug.xcconfig"; path = "Target Support Files/Pods-Ponte Pedo/Pods-Ponte Pedo.debug.xcconfig"; sourceTree = "<group>"; };
		CD03405A576CAEBF791CA942 /* Pods_Ponte_Pedo_Ponte_PedoUITests.framework */ = {isa = PBXFileReference; explicitFileType = wrapper.framework; includeInIndex = 0; path = Pods_Ponte_Pedo_Ponte_PedoUITests.framework; sourceTree = BUILT_PRODUCTS_DIR; };
		FA323289259AD49A00F79A0E /* ListController.swift */ = {isa = PBXFileReference; lastKnownFileType = sourcecode.swift; path = ListController.swift; sourceTree = "<group>"; };
		FA964E26259D01E500801ED5 /* RulesViewController.swift */ = {isa = PBXFileReference; lastKnownFileType = sourcecode.swift; path = RulesViewController.swift; sourceTree = "<group>"; };
		FADE44472591B466006769D9 /* Ponte Pedo.app */ = {isa = PBXFileReference; explicitFileType = wrapper.application; includeInIndex = 0; path = "Ponte Pedo.app"; sourceTree = BUILT_PRODUCTS_DIR; };
		FADE444A2591B466006769D9 /* AppDelegate.swift */ = {isa = PBXFileReference; lastKnownFileType = sourcecode.swift; path = AppDelegate.swift; sourceTree = "<group>"; };
		FADE444C2591B466006769D9 /* SceneDelegate.swift */ = {isa = PBXFileReference; lastKnownFileType = sourcecode.swift; path = SceneDelegate.swift; sourceTree = "<group>"; };
		FADE444E2591B466006769D9 /* ViewController.swift */ = {isa = PBXFileReference; lastKnownFileType = sourcecode.swift; path = ViewController.swift; sourceTree = "<group>"; };
		FADE44512591B466006769D9 /* Base */ = {isa = PBXFileReference; lastKnownFileType = file.storyboard; name = Base; path = Base.lproj/Main.storyboard; sourceTree = "<group>"; };
		FADE44532591B467006769D9 /* Assets.xcassets */ = {isa = PBXFileReference; lastKnownFileType = folder.assetcatalog; path = Assets.xcassets; sourceTree = "<group>"; };
		FADE44562591B467006769D9 /* Base */ = {isa = PBXFileReference; lastKnownFileType = file.storyboard; name = Base; path = Base.lproj/LaunchScreen.storyboard; sourceTree = "<group>"; };
		FADE44582591B467006769D9 /* Info.plist */ = {isa = PBXFileReference; lastKnownFileType = text.plist.xml; path = Info.plist; sourceTree = "<group>"; };
		FADE445D2591B467006769D9 /* Ponte PedoTests.xctest */ = {isa = PBXFileReference; explicitFileType = wrapper.cfbundle; includeInIndex = 0; path = "Ponte PedoTests.xctest"; sourceTree = BUILT_PRODUCTS_DIR; };
		FADE44612591B467006769D9 /* Ponte_PedoTests.swift */ = {isa = PBXFileReference; lastKnownFileType = sourcecode.swift; path = Ponte_PedoTests.swift; sourceTree = "<group>"; };
		FADE44632591B467006769D9 /* Info.plist */ = {isa = PBXFileReference; lastKnownFileType = text.plist.xml; path = Info.plist; sourceTree = "<group>"; };
		FADE44682591B467006769D9 /* Ponte PedoUITests.xctest */ = {isa = PBXFileReference; explicitFileType = wrapper.cfbundle; includeInIndex = 0; path = "Ponte PedoUITests.xctest"; sourceTree = BUILT_PRODUCTS_DIR; };
		FADE446C2591B467006769D9 /* Ponte_PedoUITests.swift */ = {isa = PBXFileReference; lastKnownFileType = sourcecode.swift; path = Ponte_PedoUITests.swift; sourceTree = "<group>"; };
		FADE446E2591B467006769D9 /* Info.plist */ = {isa = PBXFileReference; lastKnownFileType = text.plist.xml; path = Info.plist; sourceTree = "<group>"; };
/* End PBXFileReference section */

/* Begin PBXFrameworksBuildPhase section */
		FADE44442591B466006769D9 /* Frameworks */ = {
			isa = PBXFrameworksBuildPhase;
			buildActionMask = 2147483647;
			files = (
				2A79F33FD701764C6FFF71CD /* Pods_Ponte_Pedo.framework in Frameworks */,
			);
			runOnlyForDeploymentPostprocessing = 0;
		};
		FADE445A2591B467006769D9 /* Frameworks */ = {
			isa = PBXFrameworksBuildPhase;
			buildActionMask = 2147483647;
			files = (
				4967442A04C434BA5193E6E2 /* Pods_Ponte_PedoTests.framework in Frameworks */,
			);
			runOnlyForDeploymentPostprocessing = 0;
		};
		FADE44652591B467006769D9 /* Frameworks */ = {
			isa = PBXFrameworksBuildPhase;
			buildActionMask = 2147483647;
			files = (
				273EDB6373FD8CD477967F8D /* Pods_Ponte_Pedo_Ponte_PedoUITests.framework in Frameworks */,
			);
			runOnlyForDeploymentPostprocessing = 0;
		};
/* End PBXFrameworksBuildPhase section */

/* Begin PBXGroup section */
		27495182A07C3D2F714F1571 /* Frameworks */ = {
			isa = PBXGroup;
			children = (
				328A3E6B5016EF7BAD27D163 /* Pods_Ponte_Pedo.framework */,
				CD03405A576CAEBF791CA942 /* Pods_Ponte_Pedo_Ponte_PedoUITests.framework */,
				01138B74E96F772083B47CFF /* Pods_Ponte_PedoTests.framework */,
			);
			name = Frameworks;
			sourceTree = "<group>";
		};
		88D1E209ADED4B173F56FCA1 /* Pods */ = {
			isa = PBXGroup;
			children = (
				B30055149D5C94BDB41DF3DD /* Pods-Ponte Pedo.debug.xcconfig */,
				6BBBEA3199BEAFED79984A0F /* Pods-Ponte Pedo.release.xcconfig */,
				7046B0826C8E2FCE0F0B0577 /* Pods-Ponte Pedo-Ponte PedoUITests.debug.xcconfig */,
				47EF80F7E2491F602177023E /* Pods-Ponte Pedo-Ponte PedoUITests.release.xcconfig */,
				110AFC0E9787761738B9E33E /* Pods-Ponte PedoTests.debug.xcconfig */,
				2F693D20A84C8E3703808D36 /* Pods-Ponte PedoTests.release.xcconfig */,
			);
			path = Pods;
			sourceTree = "<group>";
		};
		FADE443E2591B466006769D9 = {
			isa = PBXGroup;
			children = (
				FADE44492591B466006769D9 /* Ponte Pedo */,
				FADE44602591B467006769D9 /* Ponte PedoTests */,
				FADE446B2591B467006769D9 /* Ponte PedoUITests */,
				FADE44482591B466006769D9 /* Products */,
				88D1E209ADED4B173F56FCA1 /* Pods */,
				27495182A07C3D2F714F1571 /* Frameworks */,
			);
			sourceTree = "<group>";
		};
		FADE44482591B466006769D9 /* Products */ = {
			isa = PBXGroup;
			children = (
				FADE44472591B466006769D9 /* Ponte Pedo.app */,
				FADE445D2591B467006769D9 /* Ponte PedoTests.xctest */,
				FADE44682591B467006769D9 /* Ponte PedoUITests.xctest */,
			);
			name = Products;
			sourceTree = "<group>";
		};
		FADE44492591B466006769D9 /* Ponte Pedo */ = {
			isa = PBXGroup;
			children = (
				FADE444A2591B466006769D9 /* AppDelegate.swift */,
				FADE444C2591B466006769D9 /* SceneDelegate.swift */,
				FADE444E2591B466006769D9 /* ViewController.swift */,
				FADE44502591B466006769D9 /* Main.storyboard */,
				FADE44532591B467006769D9 /* Assets.xcassets */,
				FADE44552591B467006769D9 /* LaunchScreen.storyboard */,
				FADE44582591B467006769D9 /* Info.plist */,
				FA323289259AD49A00F79A0E /* ListController.swift */,
				FA964E26259D01E500801ED5 /* RulesViewController.swift */,
			);
			path = "Ponte Pedo";
			sourceTree = "<group>";
		};
		FADE44602591B467006769D9 /* Ponte PedoTests */ = {
			isa = PBXGroup;
			children = (
				FADE44612591B467006769D9 /* Ponte_PedoTests.swift */,
				FADE44632591B467006769D9 /* Info.plist */,
			);
			path = "Ponte PedoTests";
			sourceTree = "<group>";
		};
		FADE446B2591B467006769D9 /* Ponte PedoUITests */ = {
			isa = PBXGroup;
			children = (
				FADE446C2591B467006769D9 /* Ponte_PedoUITests.swift */,
				FADE446E2591B467006769D9 /* Info.plist */,
			);
			path = "Ponte PedoUITests";
			sourceTree = "<group>";
		};
/* End PBXGroup section */

/* Begin PBXNativeTarget section */
		FADE44462591B466006769D9 /* Ponte Pedo */ = {
			isa = PBXNativeTarget;
			buildConfigurationList = FADE44712591B467006769D9 /* Build configuration list for PBXNativeTarget "Ponte Pedo" */;
			buildPhases = (
				94A18845511BC00A0D50B03C /* [CP] Check Pods Manifest.lock */,
				FADE44432591B466006769D9 /* Sources */,
				FADE44442591B466006769D9 /* Frameworks */,
				FADE44452591B466006769D9 /* Resources */,
				15AF24DD060B1DFDDEE5BC4F /* [CP] Embed Pods Frameworks */,
			);
			buildRules = (
			);
			dependencies = (
			);
			name = "Ponte Pedo";
			productName = "Ponte Pedo";
			productReference = FADE44472591B466006769D9 /* Ponte Pedo.app */;
			productType = "com.apple.product-type.application";
		};
		FADE445C2591B467006769D9 /* Ponte PedoTests */ = {
			isa = PBXNativeTarget;
			buildConfigurationList = FADE44742591B467006769D9 /* Build configuration list for PBXNativeTarget "Ponte PedoTests" */;
			buildPhases = (
				9049ABB8296145C79A0FEF8D /* [CP] Check Pods Manifest.lock */,
				FADE44592591B467006769D9 /* Sources */,
				FADE445A2591B467006769D9 /* Frameworks */,
				FADE445B2591B467006769D9 /* Resources */,
			);
			buildRules = (
			);
			dependencies = (
				FADE445F2591B467006769D9 /* PBXTargetDependency */,
			);
			name = "Ponte PedoTests";
			productName = "Ponte PedoTests";
			productReference = FADE445D2591B467006769D9 /* Ponte PedoTests.xctest */;
			productType = "com.apple.product-type.bundle.unit-test";
		};
		FADE44672591B467006769D9 /* Ponte PedoUITests */ = {
			isa = PBXNativeTarget;
			buildConfigurationList = FADE44772591B467006769D9 /* Build configuration list for PBXNativeTarget "Ponte PedoUITests" */;
			buildPhases = (
				1A6869017C6A9880225AF6D5 /* [CP] Check Pods Manifest.lock */,
				FADE44642591B467006769D9 /* Sources */,
				FADE44652591B467006769D9 /* Frameworks */,
				FADE44662591B467006769D9 /* Resources */,
				C90281116BF8836CC43E6DB0 /* [CP] Embed Pods Frameworks */,
			);
			buildRules = (
			);
			dependencies = (
				FADE446A2591B467006769D9 /* PBXTargetDependency */,
			);
			name = "Ponte PedoUITests";
			productName = "Ponte PedoUITests";
			productReference = FADE44682591B467006769D9 /* Ponte PedoUITests.xctest */;
			productType = "com.apple.product-type.bundle.ui-testing";
		};
/* End PBXNativeTarget section */

/* Begin PBXProject section */
		FADE443F2591B466006769D9 /* Project object */ = {
			isa = PBXProject;
			attributes = {
				LastSwiftUpdateCheck = 1230;
				LastUpgradeCheck = 1230;
				TargetAttributes = {
					FADE44462591B466006769D9 = {
						CreatedOnToolsVersion = 12.3;
						LastSwiftMigration = 1230;
					};
					FADE445C2591B467006769D9 = {
						CreatedOnToolsVersion = 12.3;
						TestTargetID = FADE44462591B466006769D9;
					};
					FADE44672591B467006769D9 = {
						CreatedOnToolsVersion = 12.3;
						TestTargetID = FADE44462591B466006769D9;
					};
				};
			};
			buildConfigurationList = FADE44422591B466006769D9 /* Build configuration list for PBXProject "Ponte Pedo" */;
			compatibilityVersion = "Xcode 9.3";
			developmentRegion = en;
			hasScannedForEncodings = 0;
			knownRegions = (
				en,
				Base,
			);
			mainGroup = FADE443E2591B466006769D9;
			productRefGroup = FADE44482591B466006769D9 /* Products */;
			projectDirPath = "";
			projectRoot = "";
			targets = (
				FADE44462591B466006769D9 /* Ponte Pedo */,
				FADE445C2591B467006769D9 /* Ponte PedoTests */,
				FADE44672591B467006769D9 /* Ponte PedoUITests */,
			);
		};
/* End PBXProject section */

/* Begin PBXResourcesBuildPhase section */
		FADE44452591B466006769D9 /* Resources */ = {
			isa = PBXResourcesBuildPhase;
			buildActionMask = 2147483647;
			files = (
				FADE44572591B467006769D9 /* LaunchScreen.storyboard in Resources */,
				FADE44542591B467006769D9 /* Assets.xcassets in Resources */,
				FADE44522591B466006769D9 /* Main.storyboard in Resources */,
			);
			runOnlyForDeploymentPostprocessing = 0;
		};
		FADE445B2591B467006769D9 /* Resources */ = {
			isa = PBXResourcesBuildPhase;
			buildActionMask = 2147483647;
			files = (
			);
			runOnlyForDeploymentPostprocessing = 0;
		};
		FADE44662591B467006769D9 /* Resources */ = {
			isa = PBXResourcesBuildPhase;
			buildActionMask = 2147483647;
			files = (
			);
			runOnlyForDeploymentPostprocessing = 0;
		};
/* End PBXResourcesBuildPhase section */

/* Begin PBXShellScriptBuildPhase section */
		15AF24DD060B1DFDDEE5BC4F /* [CP] Embed Pods Frameworks */ = {
			isa = PBXShellScriptBuildPhase;
			buildActionMask = 2147483647;
			files = (
			);
			inputFileListPaths = (
				"${PODS_ROOT}/Target Support Files/Pods-Ponte Pedo/Pods-Ponte Pedo-frameworks-${CONFIGURATION}-input-files.xcfilelist",
			);
			name = "[CP] Embed Pods Frameworks";
			outputFileListPaths = (
				"${PODS_ROOT}/Target Support Files/Pods-Ponte Pedo/Pods-Ponte Pedo-frameworks-${CONFIGURATION}-output-files.xcfilelist",
			);
			runOnlyForDeploymentPostprocessing = 0;
			shellPath = /bin/sh;
			shellScript = "\"${PODS_ROOT}/Target Support Files/Pods-Ponte Pedo/Pods-Ponte Pedo-frameworks.sh\"\n";
			showEnvVarsInLog = 0;
		};
		1A6869017C6A9880225AF6D5 /* [CP] Check Pods Manifest.lock */ = {
			isa = PBXShellScriptBuildPhase;
			buildActionMask = 2147483647;
			files = (
			);
			inputFileListPaths = (
			);
			inputPaths = (
				"${PODS_PODFILE_DIR_PATH}/Podfile.lock",
				"${PODS_ROOT}/Manifest.lock",
			);
			name = "[CP] Check Pods Manifest.lock";
			outputFileListPaths = (
			);
			outputPaths = (
				"$(DERIVED_FILE_DIR)/Pods-Ponte Pedo-Ponte PedoUITests-checkManifestLockResult.txt",
			);
			runOnlyForDeploymentPostprocessing = 0;
			shellPath = /bin/sh;
			shellScript = "diff \"${PODS_PODFILE_DIR_PATH}/Podfile.lock\" \"${PODS_ROOT}/Manifest.lock\" > /dev/null\nif [ $? != 0 ] ; then\n    # print error to STDERR\n    echo \"error: The sandbox is not in sync with the Podfile.lock. Run 'pod install' or update your CocoaPods installation.\" >&2\n    exit 1\nfi\n# This output is used by Xcode 'outputs' to avoid re-running this script phase.\necho \"SUCCESS\" > \"${SCRIPT_OUTPUT_FILE_0}\"\n";
			showEnvVarsInLog = 0;
		};
		9049ABB8296145C79A0FEF8D /* [CP] Check Pods Manifest.lock */ = {
			isa = PBXShellScriptBuildPhase;
			buildActionMask = 2147483647;
			files = (
			);
			inputFileListPaths = (
			);
			inputPaths = (
				"${PODS_PODFILE_DIR_PATH}/Podfile.lock",
				"${PODS_ROOT}/Manifest.lock",
			);
			name = "[CP] Check Pods Manifest.lock";
			outputFileListPaths = (
			);
			outputPaths = (
				"$(DERIVED_FILE_DIR)/Pods-Ponte PedoTests-checkManifestLockResult.txt",
			);
			runOnlyForDeploymentPostprocessing = 0;
			shellPath = /bin/sh;
			shellScript = "diff \"${PODS_PODFILE_DIR_PATH}/Podfile.lock\" \"${PODS_ROOT}/Manifest.lock\" > /dev/null\nif [ $? != 0 ] ; then\n    # print error to STDERR\n    echo \"error: The sandbox is not in sync with the Podfile.lock. Run 'pod install' or update your CocoaPods installation.\" >&2\n    exit 1\nfi\n# This output is used by Xcode 'outputs' to avoid re-running this script phase.\necho \"SUCCESS\" > \"${SCRIPT_OUTPUT_FILE_0}\"\n";
			showEnvVarsInLog = 0;
		};
		94A18845511BC00A0D50B03C /* [CP] Check Pods Manifest.lock */ = {
			isa = PBXShellScriptBuildPhase;
			buildActionMask = 2147483647;
			files = (
			);
			inputFileListPaths = (
			);
			inputPaths = (
				"${PODS_PODFILE_DIR_PATH}/Podfile.lock",
				"${PODS_ROOT}/Manifest.lock",
			);
			name = "[CP] Check Pods Manifest.lock";
			outputFileListPaths = (
			);
			outputPaths = (
				"$(DERIVED_FILE_DIR)/Pods-Ponte Pedo-checkManifestLockResult.txt",
			);
			runOnlyForDeploymentPostprocessing = 0;
			shellPath = /bin/sh;
			shellScript = "diff \"${PODS_PODFILE_DIR_PATH}/Podfile.lock\" \"${PODS_ROOT}/Manifest.lock\" > /dev/null\nif [ $? != 0 ] ; then\n    # print error to STDERR\n    echo \"error: The sandbox is not in sync with the Podfile.lock. Run 'pod install' or update your CocoaPods installation.\" >&2\n    exit 1\nfi\n# This output is used by Xcode 'outputs' to avoid re-running this script phase.\necho \"SUCCESS\" > \"${SCRIPT_OUTPUT_FILE_0}\"\n";
			showEnvVarsInLog = 0;
		};
		C90281116BF8836CC43E6DB0 /* [CP] Embed Pods Frameworks */ = {
			isa = PBXShellScriptBuildPhase;
			buildActionMask = 2147483647;
			files = (
			);
			inputFileListPaths = (
				"${PODS_ROOT}/Target Support Files/Pods-Ponte Pedo-Ponte PedoUITests/Pods-Ponte Pedo-Ponte PedoUITests-frameworks-${CONFIGURATION}-input-files.xcfilelist",
			);
			name = "[CP] Embed Pods Frameworks";
			outputFileListPaths = (
				"${PODS_ROOT}/Target Support Files/Pods-Ponte Pedo-Ponte PedoUITests/Pods-Ponte Pedo-Ponte PedoUITests-frameworks-${CONFIGURATION}-output-files.xcfilelist",
			);
			runOnlyForDeploymentPostprocessing = 0;
			shellPath = /bin/sh;
			shellScript = "\"${PODS_ROOT}/Target Support Files/Pods-Ponte Pedo-Ponte PedoUITests/Pods-Ponte Pedo-Ponte PedoUITests-frameworks.sh\"\n";
			showEnvVarsInLog = 0;
		};
/* End PBXShellScriptBuildPhase section */

/* Begin PBXSourcesBuildPhase section */
		FADE44432591B466006769D9 /* Sources */ = {
			isa = PBXSourcesBuildPhase;
			buildActionMask = 2147483647;
			files = (
				FA964E27259D01E500801ED5 /* RulesViewController.swift in Sources */,
				FADE444F2591B466006769D9 /* ViewController.swift in Sources */,
				FADE444B2591B466006769D9 /* AppDelegate.swift in Sources */,
				FADE444D2591B466006769D9 /* SceneDelegate.swift in Sources */,
				FA32328A259AD49A00F79A0E /* ListController.swift in Sources */,
			);
			runOnlyForDeploymentPostprocessing = 0;
		};
		FADE44592591B467006769D9 /* Sources */ = {
			isa = PBXSourcesBuildPhase;
			buildActionMask = 2147483647;
			files = (
				FADE44622591B467006769D9 /* Ponte_PedoTests.swift in Sources */,
			);
			runOnlyForDeploymentPostprocessing = 0;
		};
		FADE44642591B467006769D9 /* Sources */ = {
			isa = PBXSourcesBuildPhase;
			buildActionMask = 2147483647;
			files = (
				FADE446D2591B467006769D9 /* Ponte_PedoUITests.swift in Sources */,
			);
			runOnlyForDeploymentPostprocessing = 0;
		};
/* End PBXSourcesBuildPhase section */

/* Begin PBXTargetDependency section */
		FADE445F2591B467006769D9 /* PBXTargetDependency */ = {
			isa = PBXTargetDependency;
			target = FADE44462591B466006769D9 /* Ponte Pedo */;
			targetProxy = FADE445E2591B467006769D9 /* PBXContainerItemProxy */;
		};
		FADE446A2591B467006769D9 /* PBXTargetDependency */ = {
			isa = PBXTargetDependency;
			target = FADE44462591B466006769D9 /* Ponte Pedo */;
			targetProxy = FADE44692591B467006769D9 /* PBXContainerItemProxy */;
		};
/* End PBXTargetDependency section */

/* Begin PBXVariantGroup section */
		FADE44502591B466006769D9 /* Main.storyboard */ = {
			isa = PBXVariantGroup;
			children = (
				FADE44512591B466006769D9 /* Base */,
			);
			name = Main.storyboard;
			sourceTree = "<group>";
		};
		FADE44552591B467006769D9 /* LaunchScreen.storyboard */ = {
			isa = PBXVariantGroup;
			children = (
				FADE44562591B467006769D9 /* Base */,
			);
			name = LaunchScreen.storyboard;
			sourceTree = "<group>";
			usesTabs = 0;
		};
/* End PBXVariantGroup section */

/* Begin XCBuildConfiguration section */
		FADE446F2591B467006769D9 /* Debug */ = {
			isa = XCBuildConfiguration;
			buildSettings = {
				ALWAYS_SEARCH_USER_PATHS = NO;
				CLANG_ANALYZER_NONNULL = YES;
				CLANG_ANALYZER_NUMBER_OBJECT_CONVERSION = YES_AGGRESSIVE;
				CLANG_CXX_LANGUAGE_STANDARD = "gnu++14";
				CLANG_CXX_LIBRARY = "libc++";
				CLANG_ENABLE_MODULES = YES;
				CLANG_ENABLE_OBJC_ARC = YES;
				CLANG_ENABLE_OBJC_WEAK = YES;
				CLANG_WARN_BLOCK_CAPTURE_AUTORELEASING = YES;
				CLANG_WARN_BOOL_CONVERSION = YES;
				CLANG_WARN_COMMA = YES;
				CLANG_WARN_CONSTANT_CONVERSION = YES;
				CLANG_WARN_DEPRECATED_OBJC_IMPLEMENTATIONS = YES;
				CLANG_WARN_DIRECT_OBJC_ISA_USAGE = YES_ERROR;
				CLANG_WARN_DOCUMENTATION_COMMENTS = YES;
				CLANG_WARN_EMPTY_BODY = YES;
				CLANG_WARN_ENUM_CONVERSION = YES;
				CLANG_WARN_INFINITE_RECURSION = YES;
				CLANG_WARN_INT_CONVERSION = YES;
				CLANG_WARN_NON_LITERAL_NULL_CONVERSION = YES;
				CLANG_WARN_OBJC_IMPLICIT_RETAIN_SELF = YES;
				CLANG_WARN_OBJC_LITERAL_CONVERSION = YES;
				CLANG_WARN_OBJC_ROOT_CLASS = YES_ERROR;
				CLANG_WARN_QUOTED_INCLUDE_IN_FRAMEWORK_HEADER = YES;
				CLANG_WARN_RANGE_LOOP_ANALYSIS = YES;
				CLANG_WARN_STRICT_PROTOTYPES = YES;
				CLANG_WARN_SUSPICIOUS_MOVE = YES;
				CLANG_WARN_UNGUARDED_AVAILABILITY = YES_AGGRESSIVE;
				CLANG_WARN_UNREACHABLE_CODE = YES;
				CLANG_WARN__DUPLICATE_METHOD_MATCH = YES;
				COPY_PHASE_STRIP = NO;
				DEBUG_INFORMATION_FORMAT = dwarf;
				ENABLE_STRICT_OBJC_MSGSEND = YES;
				ENABLE_TESTABILITY = YES;
				GCC_C_LANGUAGE_STANDARD = gnu11;
				GCC_DYNAMIC_NO_PIC = NO;
				GCC_NO_COMMON_BLOCKS = YES;
				GCC_OPTIMIZATION_LEVEL = 0;
				GCC_PREPROCESSOR_DEFINITIONS = (
					"DEBUG=1",
					"$(inherited)",
				);
				GCC_WARN_64_TO_32_BIT_CONVERSION = YES;
				GCC_WARN_ABOUT_RETURN_TYPE = YES_ERROR;
				GCC_WARN_UNDECLARED_SELECTOR = YES;
				GCC_WARN_UNINITIALIZED_AUTOS = YES_AGGRESSIVE;
				GCC_WARN_UNUSED_FUNCTION = YES;
				GCC_WARN_UNUSED_VARIABLE = YES;
				IPHONEOS_DEPLOYMENT_TARGET = 14.3;
				MTL_ENABLE_DEBUG_INFO = INCLUDE_SOURCE;
				MTL_FAST_MATH = YES;
				ONLY_ACTIVE_ARCH = YES;
				SDKROOT = iphoneos;
				SWIFT_ACTIVE_COMPILATION_CONDITIONS = DEBUG;
				SWIFT_OPTIMIZATION_LEVEL = "-Onone";
			};
			name = Debug;
		};
		FADE44702591B467006769D9 /* Release */ = {
			isa = XCBuildConfiguration;
			buildSettings = {
				ALWAYS_SEARCH_USER_PATHS = NO;
				CLANG_ANALYZER_NONNULL = YES;
				CLANG_ANALYZER_NUMBER_OBJECT_CONVERSION = YES_AGGRESSIVE;
				CLANG_CXX_LANGUAGE_STANDARD = "gnu++14";
				CLANG_CXX_LIBRARY = "libc++";
				CLANG_ENABLE_MODULES = YES;
				CLANG_ENABLE_OBJC_ARC = YES;
				CLANG_ENABLE_OBJC_WEAK = YES;
				CLANG_WARN_BLOCK_CAPTURE_AUTORELEASING = YES;
				CLANG_WARN_BOOL_CONVERSION = YES;
				CLANG_WARN_COMMA = YES;
				CLANG_WARN_CONSTANT_CONVERSION = YES;
				CLANG_WARN_DEPRECATED_OBJC_IMPLEMENTATIONS = YES;
				CLANG_WARN_DIRECT_OBJC_ISA_USAGE = YES_ERROR;
				CLANG_WARN_DOCUMENTATION_COMMENTS = YES;
				CLANG_WARN_EMPTY_BODY = YES;
				CLANG_WARN_ENUM_CONVERSION = YES;
				CLANG_WARN_INFINITE_RECURSION = YES;
				CLANG_WARN_INT_CONVERSION = YES;
				CLANG_WARN_NON_LITERAL_NULL_CONVERSION = YES;
				CLANG_WARN_OBJC_IMPLICIT_RETAIN_SELF = YES;
				CLANG_WARN_OBJC_LITERAL_CONVERSION = YES;
				CLANG_WARN_OBJC_ROOT_CLASS = YES_ERROR;
				CLANG_WARN_QUOTED_INCLUDE_IN_FRAMEWORK_HEADER = YES;
				CLANG_WARN_RANGE_LOOP_ANALYSIS = YES;
				CLANG_WARN_STRICT_PROTOTYPES = YES;
				CLANG_WARN_SUSPICIOUS_MOVE = YES;
				CLANG_WARN_UNGUARDED_AVAILABILITY = YES_AGGRESSIVE;
				CLANG_WARN_UNREACHABLE_CODE = YES;
				CLANG_WARN__DUPLICATE_METHOD_MATCH = YES;
				COPY_PHASE_STRIP = NO;
				DEBUG_INFORMATION_FORMAT = "dwarf-with-dsym";
				ENABLE_NS_ASSERTIONS = NO;
				ENABLE_STRICT_OBJC_MSGSEND = YES;
				GCC_C_LANGUAGE_STANDARD = gnu11;
				GCC_NO_COMMON_BLOCKS = YES;
				GCC_WARN_64_TO_32_BIT_CONVERSION = YES;
				GCC_WARN_ABOUT_RETURN_TYPE = YES_ERROR;
				GCC_WARN_UNDECLARED_SELECTOR = YES;
				GCC_WARN_UNINITIALIZED_AUTOS = YES_AGGRESSIVE;
				GCC_WARN_UNUSED_FUNCTION = YES;
				GCC_WARN_UNUSED_VARIABLE = YES;
				IPHONEOS_DEPLOYMENT_TARGET = 14.3;
				MTL_ENABLE_DEBUG_INFO = NO;
				MTL_FAST_MATH = YES;
				SDKROOT = iphoneos;
				SWIFT_COMPILATION_MODE = wholemodule;
				SWIFT_OPTIMIZATION_LEVEL = "-O";
				VALIDATE_PRODUCT = YES;
			};
			name = Release;
		};
		FADE44722591B467006769D9 /* Debug */ = {
			isa = XCBuildConfiguration;
			baseConfigurationReference = B30055149D5C94BDB41DF3DD /* Pods-Ponte Pedo.debug.xcconfig */;
			buildSettings = {
				ASSETCATALOG_COMPILER_APPICON_NAME = AppIcon;
				ASSETCATALOG_COMPILER_GLOBAL_ACCENT_COLOR_NAME = AccentColor;
				CLANG_ENABLE_MODULES = YES;
				CODE_SIGN_STYLE = Automatic;
				DEVELOPMENT_TEAM = R854D7H6YV;
				INFOPLIST_FILE = "Ponte Pedo/Info.plist";
				LD_RUNPATH_SEARCH_PATHS = (
					"$(inherited)",
					"@executable_path/Frameworks",
				);
				PRODUCT_BUNDLE_IDENTIFIER = "ID.Ponte-Pedo";
				PRODUCT_NAME = "$(TARGET_NAME)";
				SWIFT_OPTIMIZATION_LEVEL = "-Onone";
				SWIFT_VERSION = 5.0;
				TARGETED_DEVICE_FAMILY = "1,2";
			};
			name = Debug;
		};
		FADE44732591B467006769D9 /* Release */ = {
			isa = XCBuildConfiguration;
			baseConfigurationReference = 6BBBEA3199BEAFED79984A0F /* Pods-Ponte Pedo.release.xcconfig */;
			buildSettings = {
				ASSETCATALOG_COMPILER_APPICON_NAME = AppIcon;
				ASSETCATALOG_COMPILER_GLOBAL_ACCENT_COLOR_NAME = AccentColor;
				CLANG_ENABLE_MODULES = YES;
				CODE_SIGN_STYLE = Automatic;
				DEVELOPMENT_TEAM = R854D7H6YV;
				INFOPLIST_FILE = "Ponte Pedo/Info.plist";
				LD_RUNPATH_SEARCH_PATHS = (
					"$(inherited)",
					"@executable_path/Frameworks",
				);
				PRODUCT_BUNDLE_IDENTIFIER = "ID.Ponte-Pedo";
				PRODUCT_NAME = "$(TARGET_NAME)";
				SWIFT_VERSION = 5.0;
				TARGETED_DEVICE_FAMILY = "1,2";
			};
			name = Release;
		};
		FADE44752591B467006769D9 /* Debug */ = {
			isa = XCBuildConfiguration;
			baseConfigurationReference = 110AFC0E9787761738B9E33E /* Pods-Ponte PedoTests.debug.xcconfig */;
			buildSettings = {
				ALWAYS_EMBED_SWIFT_STANDARD_LIBRARIES = YES;
				BUNDLE_LOADER = "$(TEST_HOST)";
				CODE_SIGN_STYLE = Automatic;
				DEVELOPMENT_TEAM = R854D7H6YV;
				INFOPLIST_FILE = "Ponte PedoTests/Info.plist";
				IPHONEOS_DEPLOYMENT_TARGET = 14.3;
				LD_RUNPATH_SEARCH_PATHS = (
					"$(inherited)",
					"@executable_path/Frameworks",
					"@loader_path/Frameworks",
				);
				PRODUCT_BUNDLE_IDENTIFIER = "ID.Ponte-PedoTests";
				PRODUCT_NAME = "$(TARGET_NAME)";
				SWIFT_VERSION = 5.0;
				TARGETED_DEVICE_FAMILY = "1,2";
				TEST_HOST = "$(BUILT_PRODUCTS_DIR)/Ponte Pedo.app/Ponte Pedo";
			};
			name = Debug;
		};
		FADE44762591B467006769D9 /* Release */ = {
			isa = XCBuildConfiguration;
			baseConfigurationReference = 2F693D20A84C8E3703808D36 /* Pods-Ponte PedoTests.release.xcconfig */;
			buildSettings = {
				ALWAYS_EMBED_SWIFT_STANDARD_LIBRARIES = YES;
				BUNDLE_LOADER = "$(TEST_HOST)";
				CODE_SIGN_STYLE = Automatic;
				DEVELOPMENT_TEAM = R854D7H6YV;
				INFOPLIST_FILE = "Ponte PedoTests/Info.plist";
				IPHONEOS_DEPLOYMENT_TARGET = 14.3;
				LD_RUNPATH_SEARCH_PATHS = (
					"$(inherited)",
					"@executable_path/Frameworks",
					"@loader_path/Frameworks",
				);
				PRODUCT_BUNDLE_IDENTIFIER = "ID.Ponte-PedoTests";
				PRODUCT_NAME = "$(TARGET_NAME)";
				SWIFT_VERSION = 5.0;
				TARGETED_DEVICE_FAMILY = "1,2";
				TEST_HOST = "$(BUILT_PRODUCTS_DIR)/Ponte Pedo.app/Ponte Pedo";
			};
			name = Release;
		};
		FADE44782591B467006769D9 /* Debug */ = {
			isa = XCBuildConfiguration;
			baseConfigurationReference = 7046B0826C8E2FCE0F0B0577 /* Pods-Ponte Pedo-Ponte PedoUITests.debug.xcconfig */;
			buildSettings = {
				ALWAYS_EMBED_SWIFT_STANDARD_LIBRARIES = YES;
				CODE_SIGN_STYLE = Automatic;
				DEVELOPMENT_TEAM = R854D7H6YV;
				INFOPLIST_FILE = "Ponte PedoUITests/Info.plist";
				LD_RUNPATH_SEARCH_PATHS = (
					"$(inherited)",
					"@executable_path/Frameworks",
					"@loader_path/Frameworks",
				);
				PRODUCT_BUNDLE_IDENTIFIER = "ID.Ponte-PedoUITests";
				PRODUCT_NAME = "$(TARGET_NAME)";
				SWIFT_VERSION = 5.0;
				TARGETED_DEVICE_FAMILY = "1,2";
				TEST_TARGET_NAME = "Ponte Pedo";
			};
			name = Debug;
		};
		FADE44792591B467006769D9 /* Release */ = {
			isa = XCBuildConfiguration;
			baseConfigurationReference = 47EF80F7E2491F602177023E /* Pods-Ponte Pedo-Ponte PedoUITests.release.xcconfig */;
			buildSettings = {
				ALWAYS_EMBED_SWIFT_STANDARD_LIBRARIES = YES;
				CODE_SIGN_STYLE = Automatic;
				DEVELOPMENT_TEAM = R854D7H6YV;
				INFOPLIST_FILE = "Ponte PedoUITests/Info.plist";
				LD_RUNPATH_SEARCH_PATHS = (
					"$(inherited)",
					"@executable_path/Frameworks",
					"@loader_path/Frameworks",
				);
				PRODUCT_BUNDLE_IDENTIFIER = "ID.Ponte-PedoUITests";
				PRODUCT_NAME = "$(TARGET_NAME)";
				SWIFT_VERSION = 5.0;
				TARGETED_DEVICE_FAMILY = "1,2";
				TEST_TARGET_NAME = "Ponte Pedo";
			};
			name = Release;
		};
/* End XCBuildConfiguration section */

/* Begin XCConfigurationList section */
		FADE44422591B466006769D9 /* Build configuration list for PBXProject "Ponte Pedo" */ = {
			isa = XCConfigurationList;
			buildConfigurations = (
				FADE446F2591B467006769D9 /* Debug */,
				FADE44702591B467006769D9 /* Release */,
			);
			defaultConfigurationIsVisible = 0;
			defaultConfigurationName = Release;
		};
		FADE44712591B467006769D9 /* Build configuration list for PBXNativeTarget "Ponte Pedo" */ = {
			isa = XCConfigurationList;
			buildConfigurations = (
				FADE44722591B467006769D9 /* Debug */,
				FADE44732591B467006769D9 /* Release */,
			);
			defaultConfigurationIsVisible = 0;
			defaultConfigurationName = Release;
		};
		FADE44742591B467006769D9 /* Build configuration list for PBXNativeTarget "Ponte PedoTests" */ = {
			isa = XCConfigurationList;
			buildConfigurations = (
				FADE44752591B467006769D9 /* Debug */,
				FADE44762591B467006769D9 /* Release */,
			);
			defaultConfigurationIsVisible = 0;
			defaultConfigurationName = Release;
		};
		FADE44772591B467006769D9 /* Build configuration list for PBXNativeTarget "Ponte PedoUITests" */ = {
			isa = XCConfigurationList;
			buildConfigurations = (
				FADE44782591B467006769D9 /* Debug */,
				FADE44792591B467006769D9 /* Release */,
			);
			defaultConfigurationIsVisible = 0;
			defaultConfigurationName = Release;
		};
/* End XCConfigurationList section */
	};
	rootObject = FADE443F2591B466006769D9 /* Project object */;
}
